
Microsoft Visual Studio Solution File, Format Version 12.00
# Visual Studio Version 17
VisualStudioVersion = 17.3.32929.385
MinimumVisualStudioVersion = 10.0.40219.1
Project("{9A19103F-16F7-4668-BE54-9A1E7A4F7556}") = "EpiserverRedirects", "EpiserverRedirects\EpiserverRedirects.csproj", "{C6D94213-59A2-4F0D-934D-D7EF24C100EA}"
EndProject
Project("{9A19103F-16F7-4668-BE54-9A1E7A4F7556}") = "EpiserverRedirects.Tests", "EpiserverRedirects.Tests\EpiserverRedirects.Tests.csproj", "{8975F6BC-1176-4DC9-9618-ED6CDC3241DE}"
EndProject
Project("{9A19103F-16F7-4668-BE54-9A1E7A4F7556}") = "EpiserverRedirects.EntityFramework", "EpiserverRedirects.EntityFramework\EpiserverRedirects.EntityFramework.csproj", "{619FB544-64E2-441F-A8B8-C00F06D099B5}"
EndProject
Project("{9A19103F-16F7-4668-BE54-9A1E7A4F7556}") = "EpiserverRedirects.SqlServer", "EpiserverRedirects.SqlServer\EpiserverRedirects.SqlServer.csproj", "{CC99AAC8-02A9-48EE-BF07-A2AF192E0396}"
EndProject
Project("{9A19103F-16F7-4668-BE54-9A1E7A4F7556}") = "EpiserverRedirects.EntityFramework.Tests", "EpiserverRedirects.EntityFramework.Tests\EpiserverRedirects.EntityFramework.Tests.csproj", "{68A5A001-30F0-4C39-871E-D2495F2B6A43}"
EndProject
Global
	GlobalSection(SolutionConfigurationPlatforms) = preSolution
		Debug|Any CPU = Debug|Any CPU
		Release|Any CPU = Release|Any CPU
	EndGlobalSection
	GlobalSection(ProjectConfigurationPlatforms) = postSolution
		{C6D94213-59A2-4F0D-934D-D7EF24C100EA}.Debug|Any CPU.ActiveCfg = Debug|Any CPU
		{C6D94213-59A2-4F0D-934D-D7EF24C100EA}.Debug|Any CPU.Build.0 = Debug|Any CPU
		{C6D94213-59A2-4F0D-934D-D7EF24C100EA}.Release|Any CPU.ActiveCfg = Release|Any CPU
		{C6D94213-59A2-4F0D-934D-D7EF24C100EA}.Release|Any CPU.Build.0 = Release|Any CPU
		{8975F6BC-1176-4DC9-9618-ED6CDC3241DE}.Debug|Any CPU.ActiveCfg = Debug|Any CPU
		{8975F6BC-1176-4DC9-9618-ED6CDC3241DE}.Debug|Any CPU.Build.0 = Debug|Any CPU
		{8975F6BC-1176-4DC9-9618-ED6CDC3241DE}.Release|Any CPU.ActiveCfg = Release|Any CPU
		{8975F6BC-1176-4DC9-9618-ED6CDC3241DE}.Release|Any CPU.Build.0 = Release|Any CPU
		{619FB544-64E2-441F-A8B8-C00F06D099B5}.Debug|Any CPU.ActiveCfg = Debug|Any CPU
		{619FB544-64E2-441F-A8B8-C00F06D099B5}.Debug|Any CPU.Build.0 = Debug|Any CPU
		{619FB544-64E2-441F-A8B8-C00F06D099B5}.Release|Any CPU.ActiveCfg = Release|Any CPU
		{619FB544-64E2-441F-A8B8-C00F06D099B5}.Release|Any CPU.Build.0 = Release|Any CPU
		{CC99AAC8-02A9-48EE-BF07-A2AF192E0396}.Debug|Any CPU.ActiveCfg = Debug|Any CPU
		{CC99AAC8-02A9-48EE-BF07-A2AF192E0396}.Debug|Any CPU.Build.0 = Debug|Any CPU
		{CC99AAC8-02A9-48EE-BF07-A2AF192E0396}.Release|Any CPU.ActiveCfg = Release|Any CPU
		{CC99AAC8-02A9-48EE-BF07-A2AF192E0396}.Release|Any CPU.Build.0 = Release|Any CPU
		{68A5A001-30F0-4C39-871E-D2495F2B6A43}.Debug|Any CPU.ActiveCfg = Debug|Any CPU
		{68A5A001-30F0-4C39-871E-D2495F2B6A43}.Debug|Any CPU.Build.0 = Debug|Any CPU
		{68A5A001-30F0-4C39-871E-D2495F2B6A43}.Release|Any CPU.ActiveCfg = Release|Any CPU
		{68A5A001-30F0-4C39-871E-D2495F2B6A43}.Release|Any CPU.Build.0 = Release|Any CPU
	EndGlobalSection
	GlobalSection(SolutionProperties) = preSolution
		HideSolutionNode = FALSE
	EndGlobalSection
	GlobalSection(ExtensibilityGlobals) = postSolution
		SolutionGuid = {C8D389F6-9FE2-4D0C-843B-2587AC2A70D2}
	EndGlobalSection
EndGlobal
