
Microsoft Visual Studio Solution File, Format Version 12.00
# Visual Studio 15
VisualStudioVersion = 15.0.28010.2036
MinimumVisualStudioVersion = 10.0.40219.1
Project("{FAE04EC0-301F-11D3-BF4B-00C04F79EFBC}") = "EpiserverRedirects", "EpiserverRedirects\EpiserverRedirects.csproj", "{C6D94213-59A2-4F0D-934D-D7EF24C100EA}"
EndProject
Project("{FAE04EC0-301F-11D3-BF4B-00C04F79EFBC}") = "EpiserverRedirects.Tests", "EpiserverRedirects.Tests\EpiserverRedirects.Tests.csproj", "{8975F6BC-1176-4DC9-9618-ED6CDC3241DE}"
EndProject
Global
	GlobalSection(SolutionConfigurationPlatforms) = preSolution
		Debug|Any CPU = Debug|Any CPU
		Release|Any CPU = Release|Any CPU
	EndGlobalSection
	GlobalSection(ProjectConfigurationPlatforms) = postSolution
		{C6D94213-59A2-4F0D-934D-D7EF24C100EA}.Debug|Any CPU.ActiveCfg = Debug|Any CPU
		{C6D94213-59A2-4F0D-934D-D7EF24C100EA}.Debug|Any CPU.Build.0 = Debug|Any CPU
		{C6D94213-59A2-4F0D-934D-D7EF24C100EA}.Release|Any CPU.ActiveCfg = Release|Any CPU
		{C6D94213-59A2-4F0D-934D-D7EF24C100EA}.Release|Any CPU.Build.0 = Release|Any CPU
		{8975F6BC-1176-4DC9-9618-ED6CDC3241DE}.Debug|Any CPU.ActiveCfg = Debug|Any CPU
		{8975F6BC-1176-4DC9-9618-ED6CDC3241DE}.Debug|Any CPU.Build.0 = Debug|Any CPU
		{8975F6BC-1176-4DC9-9618-ED6CDC3241DE}.Release|Any CPU.ActiveCfg = Release|Any CPU
		{8975F6BC-1176-4DC9-9618-ED6CDC3241DE}.Release|Any CPU.Build.0 = Release|Any CPU
	EndGlobalSection
	GlobalSection(SolutionProperties) = preSolution
		HideSolutionNode = FALSE
	EndGlobalSection
	GlobalSection(ExtensibilityGlobals) = postSolution
		SolutionGuid = {C8D389F6-9FE2-4D0C-843B-2587AC2A70D2}
	EndGlobalSection
EndGlobal
